
Microsoft Visual Studio Solution File, Format Version 12.00
# Visual Studio Version 16
VisualStudioVersion = 16.0.30907.101
MinimumVisualStudioVersion = 10.0.40219.1
Project("{FAE04EC0-301F-11D3-BF4B-00C04F79EFBC}") = "MindBox-FigureArea", "MindBox-FigureArea.csproj", "{07BB15E9-ABFE-4EAE-A5EF-FBE95E3EB55A}"
EndProject
Project("{FAE04EC0-301F-11D3-BF4B-00C04F79EFBC}") = "MindBox-FigureArea-UnitTesting", "..\MindBox-FigureArea-UnitTesting\MindBox-FigureArea-UnitTesting.csproj", "{628E4DAE-A05A-4C26-9DF6-DC8E886CB4F3}"
EndProject
Global
	GlobalSection(SolutionConfigurationPlatforms) = preSolution
		Debug|Any CPU = Debug|Any CPU
		Release|Any CPU = Release|Any CPU
	EndGlobalSection
	GlobalSection(ProjectConfigurationPlatforms) = postSolution
		{07BB15E9-ABFE-4EAE-A5EF-FBE95E3EB55A}.Debug|Any CPU.ActiveCfg = Debug|Any CPU
		{07BB15E9-ABFE-4EAE-A5EF-FBE95E3EB55A}.Debug|Any CPU.Build.0 = Debug|Any CPU
		{07BB15E9-ABFE-4EAE-A5EF-FBE95E3EB55A}.Release|Any CPU.ActiveCfg = Release|Any CPU
		{07BB15E9-ABFE-4EAE-A5EF-FBE95E3EB55A}.Release|Any CPU.Build.0 = Release|Any CPU
		{628E4DAE-A05A-4C26-9DF6-DC8E886CB4F3}.Debug|Any CPU.ActiveCfg = Debug|Any CPU
		{628E4DAE-A05A-4C26-9DF6-DC8E886CB4F3}.Debug|Any CPU.Build.0 = Debug|Any CPU
		{628E4DAE-A05A-4C26-9DF6-DC8E886CB4F3}.Release|Any CPU.ActiveCfg = Release|Any CPU
		{628E4DAE-A05A-4C26-9DF6-DC8E886CB4F3}.Release|Any CPU.Build.0 = Release|Any CPU
	EndGlobalSection
	GlobalSection(SolutionProperties) = preSolution
		HideSolutionNode = FALSE
	EndGlobalSection
	GlobalSection(ExtensibilityGlobals) = postSolution
		SolutionGuid = {061F2B1B-BB95-413B-9FBF-323C89CF58F7}
	EndGlobalSection
EndGlobal
